github.com/NicoNex/echotron/v3 v3.45.0 h1:hORujGwc6X2yaiHZIt8/rYZR48L524YtdiHxpqBwlko=
github.com/NicoNex/echotron/v3 v3.45.0/go.mod h1:7LvjveJmezuUOeaoA3nzQduNlSPQYfq219Z+baKY04Q=
github.com/NicoNex/katalis v0.0.0-20260207143853-401eb7dfeffb h1:3C30yl9fgTQOXzdLhqLRyhrYSc0jXvbYb4k8tpJRw9k=
github.com/NicoNex/katalis v0.0.0-20260207143853-401eb7dfeffb/go.mod h1:PbKtf7um2o/lz16/BtXmuvAwN/iEiE1ytVXJRVlnQwI=
github.com/akrylysov/pogreb v0.10.2 h1:e6PxmeyEhWyi2AKOBIJzAEi4HkiC+lKyCocRGlnDi78=
github.com/akrylysov/pogreb v0.10.2/go.mod h1:pNs6QmpQ1UlTJKDezuRWmaqkgUE2TuU0YTWyqJZ7+lI=
github.com/davecgh/go-spew v1.1.1 h1:vj9j/u1bqnvCEfJOwUhtlOARqs3+rkHYY13jYWTU97c=
github.com/davecgh/go-spew v1.1.1/go.mod h1:J7Y8YcW2NihsgmVo/mv3lAwl/skON4iLHjSsI+c5H38=
github.com/pmezard/go-difflib v1.0.0 h1:4DBwDE0NGyQoBHbLQYPwSUPoCMWR5BEzIk/f1lZbAQM=
github.com/pmezard/go-difflib v1.0.0/go.mod h1:iKH77koFhYxTK1pcRnkKkqfTogsbg7gZNVY4sRDYZ/4=
github.com/stretchr/testify v1.11.1 h1:7s2iGBzp5EwR7/aIZr8ao5+dra3wiQyKjjFuvgVKu7U=
github.com/stretchr/testify v1.11.1/go.mod h1:wZwfW3scLgRK+23gO65QZefKpKQRnfz6sD981Nm4B6U=
golang.org/x/time v0.5.0 h1:o7cqy6amK/52YcAKIPlM3a+Fpj35zvRj2TP+e1xFSfk=
golang.org/x/time v0.5.0/go.mod h1:3BpzKBy/shNhVucY/MWOyx10tF3SFh9QdLuxbVysPQM=
gopkg.in/yaml.v3 v3.0.1 h1:fxVm/GzAzEWqLHuvctI91KS9hhNmmWOoWu0XTYJS7CA=
gopkg.in/yaml.v3 v3.0.1/go.mod h1:K4uyk7z7BCEPqu6E+C64Yfv1cQ7kz7rIZviUmN+EgEM=
